
Microsoft Visual Studio Solution File, Format Version 11.00
# Visual Studio 2010
Project("{8BC9CEB8-8B4A-11D0-8D11-00A0C91BC942}") = "endless_loop", "endless_loop\endless_loop.vcxproj", "{F23681CB-2AF4-489E-A214-A0A152B87A97}"
EndProject
Global
	GlobalSection(SolutionConfigurationPlatforms) = preSolution
		Debug|Win32 = Debug|Win32
		Release|Win32 = Release|Win32
	EndGlobalSection
	GlobalSection(ProjectConfigurationPlatforms) = postSolution
		{F23681CB-2AF4-489E-A214-A0A152B87A97}.Debug|Win32.ActiveCfg = Debug|Win32
		{F23681CB-2AF4-489E-A214-A0A152B87A97}.Debug|Win32.Build.0 = Debug|Win32
		{F23681CB-2AF4-489E-A214-A0A152B87A97}.Release|Win32.ActiveCfg = Release|Win32
		{F23681CB-2AF4-489E-A214-A0A152B87A97}.Release|Win32.Build.0 = Release|Win32
	EndGlobalSection
	GlobalSection(SolutionProperties) = preSolution
		HideSolutionNode = FALSE
	EndGlobalSection
EndGlobal
